
Microsoft Visual Studio Solution File, Format Version 12.00
# Visual Studio 14
VisualStudioVersion = 14.0.25420.1
MinimumVisualStudioVersion = 10.0.40219.1
Project("{8BC9CEB8-8B4A-11D0-8D11-00A0C91BC942}") = "SuperNaiveCppLib", "SuperNaiveCppLib.vcxproj", "{537CCD9E-A1A5-4DDC-A8DE-37F4FC2EB010}"
EndProject
Project("{8BC9CEB8-8B4A-11D0-8D11-00A0C91BC942}") = "test", "test\test.vcxproj", "{3C512903-5884-4C25-A8D1-01D8874210D1}"
EndProject
Global
	GlobalSection(SolutionConfigurationPlatforms) = preSolution
		Debug|x64 = Debug|x64
		Debug|x86 = Debug|x86
		Release|x64 = Release|x64
		Release|x86 = Release|x86
	EndGlobalSection
	GlobalSection(ProjectConfigurationPlatforms) = postSolution
		{537CCD9E-A1A5-4DDC-A8DE-37F4FC2EB010}.Debug|x64.ActiveCfg = Debug|x64
		{537CCD9E-A1A5-4DDC-A8DE-37F4FC2EB010}.Debug|x64.Build.0 = Debug|x64
		{537CCD9E-A1A5-4DDC-A8DE-37F4FC2EB010}.Debug|x86.ActiveCfg = Debug|Win32
		{537CCD9E-A1A5-4DDC-A8DE-37F4FC2EB010}.Debug|x86.Build.0 = Debug|Win32
		{537CCD9E-A1A5-4DDC-A8DE-37F4FC2EB010}.Release|x64.ActiveCfg = Release|x64
		{537CCD9E-A1A5-4DDC-A8DE-37F4FC2EB010}.Release|x64.Build.0 = Release|x64
		{537CCD9E-A1A5-4DDC-A8DE-37F4FC2EB010}.Release|x86.ActiveCfg = Release|Win32
		{537CCD9E-A1A5-4DDC-A8DE-37F4FC2EB010}.Release|x86.Build.0 = Release|Win32
		{3C512903-5884-4C25-A8D1-01D8874210D1}.Debug|x64.ActiveCfg = Debug|x64
		{3C512903-5884-4C25-A8D1-01D8874210D1}.Debug|x64.Build.0 = Debug|x64
		{3C512903-5884-4C25-A8D1-01D8874210D1}.Debug|x86.ActiveCfg = Debug|Win32
		{3C512903-5884-4C25-A8D1-01D8874210D1}.Debug|x86.Build.0 = Debug|Win32
		{3C512903-5884-4C25-A8D1-01D8874210D1}.Release|x64.ActiveCfg = Release|x64
		{3C512903-5884-4C25-A8D1-01D8874210D1}.Release|x64.Build.0 = Release|x64
		{3C512903-5884-4C25-A8D1-01D8874210D1}.Release|x86.ActiveCfg = Release|Win32
		{3C512903-5884-4C25-A8D1-01D8874210D1}.Release|x86.Build.0 = Release|Win32
	EndGlobalSection
	GlobalSection(SolutionProperties) = preSolution
		HideSolutionNode = FALSE
	EndGlobalSection
EndGlobal
